
Microsoft Visual Studio Solution File, Format Version 12.00
# Visual Studio Version 17
VisualStudioVersion = 17.12.35521.163
MinimumVisualStudioVersion = 10.0.40219.1
Project("{FAE04EC0-301F-11D3-BF4B-00C04F79EFBC}") = "Conexión", "Conexión\Conexión.csproj", "{933DF0E9-3C0A-4F27-99D4-FB285F59CA18}"
EndProject
Project("{FAE04EC0-301F-11D3-BF4B-00C04F79EFBC}") = "Logica", "Logica\Logica.csproj", "{BB0BD8A0-CA07-428C-B992-08BE506F8381}"
EndProject
Project("{FAE04EC0-301F-11D3-BF4B-00C04F79EFBC}") = "Vista", "Vista\Vista.csproj", "{FC3C4A2B-962C-47F2-8F81-2A358C05E6A9}"
EndProject
Global
	GlobalSection(SolutionConfigurationPlatforms) = preSolution
		Debug|Any CPU = Debug|Any CPU
		Release|Any CPU = Release|Any CPU
	EndGlobalSection
	GlobalSection(ProjectConfigurationPlatforms) = postSolution
		{933DF0E9-3C0A-4F27-99D4-FB285F59CA18}.Debug|Any CPU.ActiveCfg = Debug|Any CPU
		{933DF0E9-3C0A-4F27-99D4-FB285F59CA18}.Debug|Any CPU.Build.0 = Debug|Any CPU
		{933DF0E9-3C0A-4F27-99D4-FB285F59CA18}.Release|Any CPU.ActiveCfg = Release|Any CPU
		{933DF0E9-3C0A-4F27-99D4-FB285F59CA18}.Release|Any CPU.Build.0 = Release|Any CPU
		{BB0BD8A0-CA07-428C-B992-08BE506F8381}.Debug|Any CPU.ActiveCfg = Debug|Any CPU
		{BB0BD8A0-CA07-428C-B992-08BE506F8381}.Debug|Any CPU.Build.0 = Debug|Any CPU
		{BB0BD8A0-CA07-428C-B992-08BE506F8381}.Release|Any CPU.ActiveCfg = Release|Any CPU
		{BB0BD8A0-CA07-428C-B992-08BE506F8381}.Release|Any CPU.Build.0 = Release|Any CPU
		{FC3C4A2B-962C-47F2-8F81-2A358C05E6A9}.Debug|Any CPU.ActiveCfg = Debug|Any CPU
		{FC3C4A2B-962C-47F2-8F81-2A358C05E6A9}.Debug|Any CPU.Build.0 = Debug|Any CPU
		{FC3C4A2B-962C-47F2-8F81-2A358C05E6A9}.Release|Any CPU.ActiveCfg = Release|Any CPU
		{FC3C4A2B-962C-47F2-8F81-2A358C05E6A9}.Release|Any CPU.Build.0 = Release|Any CPU
	EndGlobalSection
	GlobalSection(SolutionProperties) = preSolution
		HideSolutionNode = FALSE
	EndGlobalSection
EndGlobal
